
Microsoft Visual Studio Solution File, Format Version 12.00
# Visual Studio Version 16
VisualStudioVersion = 16.0.30330.147
MinimumVisualStudioVersion = 10.0.40219.1
Project("{FAE04EC0-301F-11D3-BF4B-00C04F79EFBC}") = "ClassLibraryGenTrack", "ClassLibraryGenTrack\ClassLibraryGenTrack.csproj", "{BC9CAACB-34EF-405C-BA62-0C6FE05AC89C}"
EndProject
Project("{FAE04EC0-301F-11D3-BF4B-00C04F79EFBC}") = "ConsoleAppGenTrack", "ConsoleAppGenTrack\ConsoleAppGenTrack.csproj", "{DCFC10BB-90C9-4D36-B3A1-985FB73A39AD}"
EndProject
Project("{FAE04EC0-301F-11D3-BF4B-00C04F79EFBC}") = "UnitTestProjectGenTrack", "UnitTestProjectGenTrack\UnitTestProjectGenTrack.csproj", "{A1B5CC6C-E983-4C40-A456-CD7FC716181F}"
EndProject
Global
	GlobalSection(SolutionConfigurationPlatforms) = preSolution
		Debug|Any CPU = Debug|Any CPU
		Release|Any CPU = Release|Any CPU
	EndGlobalSection
	GlobalSection(ProjectConfigurationPlatforms) = postSolution
		{BC9CAACB-34EF-405C-BA62-0C6FE05AC89C}.Debug|Any CPU.ActiveCfg = Debug|Any CPU
		{BC9CAACB-34EF-405C-BA62-0C6FE05AC89C}.Debug|Any CPU.Build.0 = Debug|Any CPU
		{BC9CAACB-34EF-405C-BA62-0C6FE05AC89C}.Release|Any CPU.ActiveCfg = Release|Any CPU
		{BC9CAACB-34EF-405C-BA62-0C6FE05AC89C}.Release|Any CPU.Build.0 = Release|Any CPU
		{DCFC10BB-90C9-4D36-B3A1-985FB73A39AD}.Debug|Any CPU.ActiveCfg = Debug|Any CPU
		{DCFC10BB-90C9-4D36-B3A1-985FB73A39AD}.Debug|Any CPU.Build.0 = Debug|Any CPU
		{DCFC10BB-90C9-4D36-B3A1-985FB73A39AD}.Release|Any CPU.ActiveCfg = Release|Any CPU
		{DCFC10BB-90C9-4D36-B3A1-985FB73A39AD}.Release|Any CPU.Build.0 = Release|Any CPU
		{A1B5CC6C-E983-4C40-A456-CD7FC716181F}.Debug|Any CPU.ActiveCfg = Debug|Any CPU
		{A1B5CC6C-E983-4C40-A456-CD7FC716181F}.Debug|Any CPU.Build.0 = Debug|Any CPU
		{A1B5CC6C-E983-4C40-A456-CD7FC716181F}.Release|Any CPU.ActiveCfg = Release|Any CPU
		{A1B5CC6C-E983-4C40-A456-CD7FC716181F}.Release|Any CPU.Build.0 = Release|Any CPU
	EndGlobalSection
	GlobalSection(SolutionProperties) = preSolution
		HideSolutionNode = FALSE
	EndGlobalSection
	GlobalSection(ExtensibilityGlobals) = postSolution
		SolutionGuid = {963737E2-E512-4DB4-84D4-A39A8CA9C32A}
	EndGlobalSection
EndGlobal
